// !$*UTF8*$!
{
	archiveVersion = 1;
	classes = {
	};
	objectVersion = 46;
	objects = {

/* Begin PBXBuildFile section */
		74511A80190A5D2900A78522 /* Cocoa.framework in Frameworks */ = {isa = PBXBuildFile; fileRef = 74511A7F190A5D2900A78522 /* Cocoa.framework */; };
		74511A8A190A5D2900A78522 /* InfoPlist.strings in Resources */ = {isa = PBXBuildFile; fileRef = 74511A88190A5D2900A78522 /* InfoPlist.strings */; };
		74511A8C190A5D2900A78522 /* main.m in Sources */ = {isa = PBXBuildFile; fileRef = 74511A8B190A5D2900A78522 /* main.m */; };
		74511A90190A5D2900A78522 /* Credits.rtf in Resources */ = {isa = PBXBuildFile; fileRef = 74511A8E190A5D2900A78522 /* Credits.rtf */; };
		74511A98190A5D2900A78522 /* Images.xcassets in Resources */ = {isa = PBXBuildFile; fileRef = 74511A97190A5D2900A78522 /* Images.xcassets */; };
		74511AC3190A5F8400A78522 /* logo-obp.JPG in Resources */ = {isa = PBXBuildFile; fileRef = 74511AB6190A5F8400A78522 /* logo-obp.JPG */; };
		7479DFBA199BBA2700CA3282 /* MainMenu.xib in Resources */ = {isa = PBXBuildFile; fileRef = 74B538091925195E00C38121 /* MainMenu.xib */; };
		7479DFBE199BCF5200CA3282 /* MainViewController.m in Sources */ = {isa = PBXBuildFile; fileRef = 7479DFBC199BCF5200CA3282 /* MainViewController.m */; };
		7479DFBF199BCF5200CA3282 /* MainViewController.xib in Resources */ = {isa = PBXBuildFile; fileRef = 7479DFBD199BCF5200CA3282 /* MainViewController.xib */; };
		74B5380D192519C000C38121 /* logo-obp only text.jpeg in Resources */ = {isa = PBXBuildFile; fileRef = 74B5380C192519C000C38121 /* logo-obp only text.jpeg */; };
		74B5382E19251B7200C38121 /* AppDelegate.m in Sources */ = {isa = PBXBuildFile; fileRef = 74B5382C19251B7200C38121 /* AppDelegate.m */; };
		74B5383019251D4800C38121 /* hello-obp-connect-logo.icns in Resources */ = {isa = PBXBuildFile; fileRef = 74B5382F19251D4800C38121 /* hello-obp-connect-logo.icns */; };
		AEA6FE591C917E02005C3A8B /* OAuthCore.framework in Embed Frameworks */ = {isa = PBXBuildFile; fileRef = AEA6FE4B1C917D94005C3A8B /* OAuthCore.framework */; settings = {ATTRIBUTES = (CodeSignOnCopy, RemoveHeadersOnCopy, ); }; };
		AEA6FE5B1C917E02005C3A8B /* OBPKit.framework in Embed Frameworks */ = {isa = PBXBuildFile; fileRef = AEA6FE4D1C917D94005C3A8B /* OBPKit.framework */; settings = {ATTRIBUTES = (CodeSignOnCopy, RemoveHeadersOnCopy, ); }; };
		AEA6FE5D1C917E02005C3A8B /* STHTTPRequest.framework in Embed Frameworks */ = {isa = PBXBuildFile; fileRef = AEA6FE4F1C917D94005C3A8B /* STHTTPRequest.framework */; settings = {ATTRIBUTES = (CodeSignOnCopy, RemoveHeadersOnCopy, ); }; };
		AEA6FE5F1C917E02005C3A8B /* UICKeyChainStore.framework in Embed Frameworks */ = {isa = PBXBuildFile; fileRef = AEA6FD791C917D11005C3A8B /* UICKeyChainStore.framework */; settings = {ATTRIBUTES = (CodeSignOnCopy, RemoveHeadersOnCopy, ); }; };
		AED693C21C5F852900C7FB07 /* Security.framework in Frameworks */ = {isa = PBXBuildFile; fileRef = AED693C11C5F852900C7FB07 /* Security.framework */; };
/* End PBXBuildFile section */

/* Begin PBXCopyFilesBuildPhase section */
		AEA6FE601C917E02005C3A8B /* Embed Frameworks */ = {
			isa = PBXCopyFilesBuildPhase;
			buildActionMask = 2147483647;
			dstPath = "";
			dstSubfolderSpec = 10;
			files = (
				AEA6FE5F1C917E02005C3A8B /* UICKeyChainStore.framework in Embed Frameworks */,
				AEA6FE5D1C917E02005C3A8B /* STHTTPRequest.framework in Embed Frameworks */,
				AEA6FE591C917E02005C3A8B /* OAuthCore.framework in Embed Frameworks */,
				AEA6FE5B1C917E02005C3A8B /* OBPKit.framework in Embed Frameworks */,
			);
			name = "Embed Frameworks";
			runOnlyForDeploymentPostprocessing = 0;
		};
/* End PBXCopyFilesBuildPhase section */

/* Begin PBXFileReference section */
		74511A7C190A5D2900A78522 /* HelloOBP-Mac.app */ = {isa = PBXFileReference; explicitFileType = wrapper.application; includeInIndex = 0; path = "HelloOBP-Mac.app"; sourceTree = BUILT_PRODUCTS_DIR; };
		74511A7F190A5D2900A78522 /* Cocoa.framework */ = {isa = PBXFileReference; lastKnownFileType = wrapper.framework; name = Cocoa.framework; path = System/Library/Frameworks/Cocoa.framework; sourceTree = SDKROOT; };
		74511A82190A5D2900A78522 /* AppKit.framework */ = {isa = PBXFileReference; lastKnownFileType = wrapper.framework; name = AppKit.framework; path = System/Library/Frameworks/AppKit.framework; sourceTree = SDKROOT; };
		74511A83190A5D2900A78522 /* CoreData.framework */ = {isa = PBXFileReference; lastKnownFileType = wrapper.framework; name = CoreData.framework; path = System/Library/Frameworks/CoreData.framework; sourceTree = SDKROOT; };
		74511A84190A5D2900A78522 /* Foundation.framework */ = {isa = PBXFileReference; lastKnownFileType = wrapper.framework; name = Foundation.framework; path = System/Library/Frameworks/Foundation.framework; sourceTree = SDKROOT; };
		74511A87190A5D2900A78522 /* HelloOBP-Mac-Info.plist */ = {isa = PBXFileReference; lastKnownFileType = text.plist.xml; path = "HelloOBP-Mac-Info.plist"; sourceTree = "<group>"; };
		74511A89190A5D2900A78522 /* en */ = {isa = PBXFileReference; lastKnownFileType = text.plist.strings; name = en; path = en.lproj/InfoPlist.strings; sourceTree = "<group>"; };
		74511A8B190A5D2900A78522 /* main.m */ = {isa = PBXFileReference; lastKnownFileType = sourcecode.c.objc; path = main.m; sourceTree = "<group>"; };
		74511A8D190A5D2900A78522 /* HelloOBP-Mac-Prefix.pch */ = {isa = PBXFileReference; lastKnownFileType = sourcecode.c.h; path = "HelloOBP-Mac-Prefix.pch"; sourceTree = "<group>"; };
		74511A8F190A5D2900A78522 /* en */ = {isa = PBXFileReference; lastKnownFileType = text.rtf; name = en; path = en.lproj/Credits.rtf; sourceTree = "<group>"; };
		74511A97190A5D2900A78522 /* Images.xcassets */ = {isa = PBXFileReference; lastKnownFileType = folder.assetcatalog; path = Images.xcassets; sourceTree = "<group>"; };
		74511AB6190A5F8400A78522 /* logo-obp.JPG */ = {isa = PBXFileReference; lastKnownFileType = image.jpeg; path = "logo-obp.JPG"; sourceTree = "<group>"; };
		7479DFBB199BCF5200CA3282 /* MainViewController.h */ = {isa = PBXFileReference; fileEncoding = 4; lastKnownFileType = sourcecode.c.h; path = MainViewController.h; sourceTree = "<group>"; };
		7479DFBC199BCF5200CA3282 /* MainViewController.m */ = {isa = PBXFileReference; fileEncoding = 4; lastKnownFileType = sourcecode.c.objc; path = MainViewController.m; sourceTree = "<group>"; };
		7479DFBD199BCF5200CA3282 /* MainViewController.xib */ = {isa = PBXFileReference; fileEncoding = 4; lastKnownFileType = file.xib; path = MainViewController.xib; sourceTree = "<group>"; };
		74B5380A1925195E00C38121 /* Base */ = {isa = PBXFileReference; lastKnownFileType = file.xib; name = Base; path = Base.lproj/MainMenu.xib; sourceTree = "<group>"; };
		74B5380C192519C000C38121 /* logo-obp only text.jpeg */ = {isa = PBXFileReference; lastKnownFileType = image.jpeg; path = "logo-obp only text.jpeg"; sourceTree = "<group>"; };
		74B5382C19251B7200C38121 /* AppDelegate.m */ = {isa = PBXFileReference; fileEncoding = 4; lastKnownFileType = sourcecode.c.objc; path = AppDelegate.m; sourceTree = "<group>"; };
		74B5382D19251B7200C38121 /* AppDelegate.h */ = {isa = PBXFileReference; fileEncoding = 4; lastKnownFileType = sourcecode.c.h; path = AppDelegate.h; sourceTree = "<group>"; };
		74B5382F19251D4800C38121 /* hello-obp-connect-logo.icns */ = {isa = PBXFileReference; lastKnownFileType = image.icns; path = "hello-obp-connect-logo.icns"; sourceTree = "<group>"; };
		AEA6FD791C917D11005C3A8B /* UICKeyChainStore.framework */ = {isa = PBXFileReference; lastKnownFileType = wrapper.framework; path = UICKeyChainStore.framework; sourceTree = BUILT_PRODUCTS_DIR; };
		AEA6FE4B1C917D94005C3A8B /* OAuthCore.framework */ = {isa = PBXFileReference; lastKnownFileType = wrapper.framework; path = OAuthCore.framework; sourceTree = BUILT_PRODUCTS_DIR; };
		AEA6FE4D1C917D94005C3A8B /* OBPKit.framework */ = {isa = PBXFileReference; lastKnownFileType = wrapper.framework; path = OBPKit.framework; sourceTree = BUILT_PRODUCTS_DIR; };
		AEA6FE4F1C917D94005C3A8B /* STHTTPRequest.framework */ = {isa = PBXFileReference; lastKnownFileType = wrapper.framework; path = STHTTPRequest.framework; sourceTree = BUILT_PRODUCTS_DIR; };
		AEB147DC1CC29E2A00B4A099 /* copy-carthage-built-frameworks-to-built-products.sh */ = {isa = PBXFileReference; lastKnownFileType = text.script.sh; path = "copy-carthage-built-frameworks-to-built-products.sh"; sourceTree = "<group>"; };
		AEB147DD1CC29E2A00B4A099 /* create-dynamic-xcconfigs.sh */ = {isa = PBXFileReference; lastKnownFileType = text.script.sh; path = "create-dynamic-xcconfigs.sh"; sourceTree = "<group>"; };
		AEB147DE1CC29E2A00B4A099 /* LICENSE */ = {isa = PBXFileReference; lastKnownFileType = text; path = LICENSE; sourceTree = "<group>"; };
		AEB147DF1CC29E2A00B4A099 /* README.md */ = {isa = PBXFileReference; lastKnownFileType = net.daringfireball.markdown; path = README.md; sourceTree = "<group>"; };
		AEB147E11CC29E4C00B4A099 /* Common.xcconfig */ = {isa = PBXFileReference; lastKnownFileType = text.xcconfig; path = Common.xcconfig; sourceTree = "<group>"; };
		AEB147E21CC29E4C00B4A099 /* Debug(carthage).xcconfig */ = {isa = PBXFileReference; lastKnownFileType = text.xcconfig; path = "Debug(carthage).xcconfig"; sourceTree = "<group>"; };
		AEB147E31CC29E4C00B4A099 /* Debug(cocoapods).xcconfig */ = {isa = PBXFileReference; lastKnownFileType = text.xcconfig; path = "Debug(cocoapods).xcconfig"; sourceTree = "<group>"; };
		AEB147E41CC29E4C00B4A099 /* Debug(dynamic).xcconfig */ = {isa = PBXFileReference; lastKnownFileType = text.xcconfig; path = "Debug(dynamic).xcconfig"; sourceTree = "<group>"; };
		AEB147E51CC29E4C00B4A099 /* Release(carthage).xcconfig */ = {isa = PBXFileReference; lastKnownFileType = text.xcconfig; path = "Release(carthage).xcconfig"; sourceTree = "<group>"; };
		AEB147E61CC29E4C00B4A099 /* Release(cocoapods).xcconfig */ = {isa = PBXFileReference; lastKnownFileType = text.xcconfig; path = "Release(cocoapods).xcconfig"; sourceTree = "<group>"; };
		AEB147E71CC29E4C00B4A099 /* Release(dynamic).xcconfig */ = {isa = PBXFileReference; lastKnownFileType = text.xcconfig; path = "Release(dynamic).xcconfig"; sourceTree = "<group>"; };
		AEB147E81CC2A02B00B4A099 /* Cartfile */ = {isa = PBXFileReference; lastKnownFileType = text; path = Cartfile; sourceTree = "<group>"; };
		AEB147E91CC2A02B00B4A099 /* LICENSE.txt */ = {isa = PBXFileReference; lastKnownFileType = text; path = LICENSE.txt; sourceTree = "<group>"; };
		AEB147EA1CC2A02B00B4A099 /* Podfile */ = {isa = PBXFileReference; lastKnownFileType = text; path = Podfile; sourceTree = "<group>"; };
		AEB147EC1CC2B06F00B4A099 /* README.md */ = {isa = PBXFileReference; lastKnownFileType = net.daringfireball.markdown; path = README.md; sourceTree = "<group>"; };
		AEBDF9EC1CA48CB700F3F3FF /* HelloOBP-Mac.entitlements */ = {isa = PBXFileReference; lastKnownFileType = text.xml; name = "HelloOBP-Mac.entitlements"; path = "../HelloOBP-Mac.entitlements"; sourceTree = "<group>"; };
		AED693C11C5F852900C7FB07 /* Security.framework */ = {isa = PBXFileReference; lastKnownFileType = wrapper.framework; name = Security.framework; path = System/Library/Frameworks/Security.framework; sourceTree = SDKROOT; };
		AED693D01C5F88F700C7FB07 /* DefaultServerDetails.h */ = {isa = PBXFileReference; lastKnownFileType = sourcecode.c.h; path = DefaultServerDetails.h; sourceTree = "<group>"; };
/* End PBXFileReference section */

/* Begin PBXFrameworksBuildPhase section */
		74511A79190A5D2900A78522 /* Frameworks */ = {
			isa = PBXFrameworksBuildPhase;
			buildActionMask = 2147483647;
			files = (
				74511A80190A5D2900A78522 /* Cocoa.framework in Frameworks */,
				AED693C21C5F852900C7FB07 /* Security.framework in Frameworks */,
			);
			runOnlyForDeploymentPostprocessing = 0;
		};
/* End PBXFrameworksBuildPhase section */

/* Begin PBXGroup section */
		74511A73190A5D2900A78522 = {
			isa = PBXGroup;
			children = (
				74511A85190A5D2900A78522 /* HelloOBP-Mac */,
				AEB147E01CC29E4C00B4A099 /* Config */,
				AEB96F3D1CB510CE00E19A81 /* Scripts */,
				AEB147EB1CC2A03800B4A099 /* Supporting */,
				74511A7E190A5D2900A78522 /* Frameworks */,
				74511A7D190A5D2900A78522 /* Products */,
			);
			sourceTree = "<group>";
		};
		74511A7D190A5D2900A78522 /* Products */ = {
			isa = PBXGroup;
			children = (
				74511A7C190A5D2900A78522 /* HelloOBP-Mac.app */,
			);
			name = Products;
			sourceTree = "<group>";
		};
		74511A7E190A5D2900A78522 /* Frameworks */ = {
			isa = PBXGroup;
			children = (
				AEA6FE4B1C917D94005C3A8B /* OAuthCore.framework */,
				AEA6FE4D1C917D94005C3A8B /* OBPKit.framework */,
				AEA6FE4F1C917D94005C3A8B /* STHTTPRequest.framework */,
				AEA6FD791C917D11005C3A8B /* UICKeyChainStore.framework */,
				74511A7F190A5D2900A78522 /* Cocoa.framework */,
				AED693C11C5F852900C7FB07 /* Security.framework */,
				74511A81190A5D2900A78522 /* Other Frameworks */,
			);
			name = Frameworks;
			sourceTree = "<group>";
		};
		74511A81190A5D2900A78522 /* Other Frameworks */ = {
			isa = PBXGroup;
			children = (
				74511A82190A5D2900A78522 /* AppKit.framework */,
				74511A83190A5D2900A78522 /* CoreData.framework */,
				74511A84190A5D2900A78522 /* Foundation.framework */,
			);
			name = "Other Frameworks";
			sourceTree = "<group>";
		};
		74511A85190A5D2900A78522 /* HelloOBP-Mac */ = {
			isa = PBXGroup;
			children = (
				AEC08DBF1C574D6B002E2AA7 /* Main */,
				AEC08DC11C574D74002E2AA7 /* UI */,
				AEC08DC31C574D7C002E2AA7 /* Res */,
			);
			path = "HelloOBP-Mac";
			sourceTree = "<group>";
		};
		AEB147DB1CC29E2A00B4A099 /* CCPScripts */ = {
			isa = PBXGroup;
			children = (
				AEB147DC1CC29E2A00B4A099 /* copy-carthage-built-frameworks-to-built-products.sh */,
				AEB147DD1CC29E2A00B4A099 /* create-dynamic-xcconfigs.sh */,
				AEB147DE1CC29E2A00B4A099 /* LICENSE */,
				AEB147DF1CC29E2A00B4A099 /* README.md */,
			);
			path = CCPScripts;
			sourceTree = "<group>";
		};
		AEB147E01CC29E4C00B4A099 /* Config */ = {
			isa = PBXGroup;
			children = (
				AEB147E41CC29E4C00B4A099 /* Debug(dynamic).xcconfig */,
				AEB147E71CC29E4C00B4A099 /* Release(dynamic).xcconfig */,
				AEB147E11CC29E4C00B4A099 /* Common.xcconfig */,
				AEB147E21CC29E4C00B4A099 /* Debug(carthage).xcconfig */,
				AEB147E51CC29E4C00B4A099 /* Release(carthage).xcconfig */,
				AEB147E31CC29E4C00B4A099 /* Debug(cocoapods).xcconfig */,
				AEB147E61CC29E4C00B4A099 /* Release(cocoapods).xcconfig */,
			);
			path = Config;
			sourceTree = "<group>";
		};
		AEB147EB1CC2A03800B4A099 /* Supporting */ = {
			isa = PBXGroup;
			children = (
				AEB147EC1CC2B06F00B4A099 /* README.md */,
				AEB147E91CC2A02B00B4A099 /* LICENSE.txt */,
				AEB147E81CC2A02B00B4A099 /* Cartfile */,
				AEB147EA1CC2A02B00B4A099 /* Podfile */,
			);
			name = Supporting;
			sourceTree = "<group>";
		};
		AEB96F3D1CB510CE00E19A81 /* Scripts */ = {
			isa = PBXGroup;
			children = (
				AEB147DB1CC29E2A00B4A099 /* CCPScripts */,
			);
			path = Scripts;
			sourceTree = "<group>";
		};
		AEC08DBF1C574D6B002E2AA7 /* Main */ = {
			isa = PBXGroup;
			children = (
				74511A87190A5D2900A78522 /* HelloOBP-Mac-Info.plist */,
				74511A8D190A5D2900A78522 /* HelloOBP-Mac-Prefix.pch */,
				74511A8B190A5D2900A78522 /* main.m */,
				AED693D01C5F88F700C7FB07 /* DefaultServerDetails.h */,
				74B5382D19251B7200C38121 /* AppDelegate.h */,
				74B5382C19251B7200C38121 /* AppDelegate.m */,
			);
			path = Main;
			sourceTree = "<group>";
		};
		AEC08DC11C574D74002E2AA7 /* UI */ = {
			isa = PBXGroup;
			children = (
				7479DFBB199BCF5200CA3282 /* MainViewController.h */,
				7479DFBC199BCF5200CA3282 /* MainViewController.m */,
			);
			path = UI;
			sourceTree = "<group>";
		};
		AEC08DC31C574D7C002E2AA7 /* Res */ = {
			isa = PBXGroup;
			children = (
				74511A8E190A5D2900A78522 /* Credits.rtf */,
				74511A88190A5D2900A78522 /* InfoPlist.strings */,
				74511A97190A5D2900A78522 /* Images.xcassets */,
				AEBDF9EC1CA48CB700F3F3FF /* HelloOBP-Mac.entitlements */,
				74B538091925195E00C38121 /* MainMenu.xib */,
				7479DFBD199BCF5200CA3282 /* MainViewController.xib */,
				74B5382F19251D4800C38121 /* hello-obp-connect-logo.icns */,
				74B5380C192519C000C38121 /* logo-obp only text.jpeg */,
				74511AB6190A5F8400A78522 /* logo-obp.JPG */,
			);
			path = Res;
			sourceTree = "<group>";
		};
/* End PBXGroup section */

/* Begin PBXNativeTarget section */
		74511A7B190A5D2900A78522 /* HelloOBP-Mac */ = {
			isa = PBXNativeTarget;
			buildConfigurationList = 74511AAD190A5D2900A78522 /* Build configuration list for PBXNativeTarget "HelloOBP-Mac" */;
			buildPhases = (
				AEB96F2D1CB45CD400E19A81 /* Make Carthage Build Directory */,
				AEBDF9EE1CA809BA00F3F3FF /* Copy Frameworks built by Carthage */,
				74511A78190A5D2900A78522 /* Sources */,
				74511A79190A5D2900A78522 /* Frameworks */,
				AEA6FE601C917E02005C3A8B /* Embed Frameworks */,
				74511A7A190A5D2900A78522 /* Resources */,
			);
			buildRules = (
			);
			dependencies = (
			);
			name = "HelloOBP-Mac";
			productName = "HelloOBP-Mac";
			productReference = 74511A7C190A5D2900A78522 /* HelloOBP-Mac.app */;
			productType = "com.apple.product-type.application";
		};
/* End PBXNativeTarget section */

/* Begin PBXProject section */
		74511A74190A5D2900A78522 /* Project object */ = {
			isa = PBXProject;
			attributes = {
				LastUpgradeCheck = 0720;
				ORGANIZATIONNAME = TESOBE;
				TargetAttributes = {
					74511A7B190A5D2900A78522 = {
						SystemCapabilities = {
							com.apple.Sandbox = {
								enabled = 1;
							};
						};
					};
				};
			};
			buildConfigurationList = 74511A77190A5D2900A78522 /* Build configuration list for PBXProject "HelloOBP-Mac" */;
			compatibilityVersion = "Xcode 3.2";
			developmentRegion = English;
			hasScannedForEncodings = 0;
			knownRegions = (
				en,
				Base,
			);
			mainGroup = 74511A73190A5D2900A78522;
			productRefGroup = 74511A7D190A5D2900A78522 /* Products */;
			projectDirPath = "";
			projectRoot = "";
			targets = (
				74511A7B190A5D2900A78522 /* HelloOBP-Mac */,
			);
		};
/* End PBXProject section */

/* Begin PBXResourcesBuildPhase section */
		74511A7A190A5D2900A78522 /* Resources */ = {
			isa = PBXResourcesBuildPhase;
			buildActionMask = 2147483647;
			files = (
				7479DFBA199BBA2700CA3282 /* MainMenu.xib in Resources */,
				74B5380D192519C000C38121 /* logo-obp only text.jpeg in Resources */,
				74511A8A190A5D2900A78522 /* InfoPlist.strings in Resources */,
				74511A98190A5D2900A78522 /* Images.xcassets in Resources */,
				74B5383019251D4800C38121 /* hello-obp-connect-logo.icns in Resources */,
				74511A90190A5D2900A78522 /* Credits.rtf in Resources */,
				7479DFBF199BCF5200CA3282 /* MainViewController.xib in Resources */,
				74511AC3190A5F8400A78522 /* logo-obp.JPG in Resources */,
			);
			runOnlyForDeploymentPostprocessing = 0;
		};
/* End PBXResourcesBuildPhase section */

/* Begin PBXShellScriptBuildPhase section */
		AEB96F2D1CB45CD400E19A81 /* Make Carthage Build Directory */ = {
			isa = PBXShellScriptBuildPhase;
			buildActionMask = 2147483647;
			files = (
			);
			inputPaths = (
			);
			name = "Make Carthage Build Directory";
			outputPaths = (
			);
			runOnlyForDeploymentPostprocessing = 0;
			shellPath = /bin/sh;
			shellScript = "if ! [[ -e \"${CARTHAGE_BUILD_PLATFORM_DIR}\" ]] ; then\n    mkdir -p \"${CARTHAGE_BUILD_PLATFORM_DIR}\"\nfi";
		};
		AEBDF9EE1CA809BA00F3F3FF /* Copy Frameworks built by Carthage */ = {
			isa = PBXShellScriptBuildPhase;
			buildActionMask = 2147483647;
			files = (
			);
			inputPaths = (
				"$(CARTHAGE_BUILD_PLATFORM_DIR)/OAuthCore.framework",
				"$(CARTHAGE_BUILD_PLATFORM_DIR)/OBPKit.framework",
				"$(CARTHAGE_BUILD_PLATFORM_DIR)/STHTTPRequest.framework",
				"$(CARTHAGE_BUILD_PLATFORM_DIR)/UICKeyChainStore.framework",
			);
			name = "Copy Frameworks built by Carthage";
			outputPaths = (
			);
			runOnlyForDeploymentPostprocessing = 0;
			shellPath = /bin/bash;
			shellScript = "Scripts/CCPScripts/copy-carthage-built-frameworks-to-built-products.sh";
		};
/* End PBXShellScriptBuildPhase section */

/* Begin PBXSourcesBuildPhase section */
		74511A78190A5D2900A78522 /* Sources */ = {
			isa = PBXSourcesBuildPhase;
			buildActionMask = 2147483647;
			files = (
				7479DFBE199BCF5200CA3282 /* MainViewController.m in Sources */,
				74511A8C190A5D2900A78522 /* main.m in Sources */,
				74B5382E19251B7200C38121 /* AppDelegate.m in Sources */,
			);
			runOnlyForDeploymentPostprocessing = 0;
		};
/* End PBXSourcesBuildPhase section */

/* Begin PBXVariantGroup section */
		74511A88190A5D2900A78522 /* InfoPlist.strings */ = {
			isa = PBXVariantGroup;
			children = (
				74511A89190A5D2900A78522 /* en */,
			);
			name = InfoPlist.strings;
			sourceTree = "<group>";
		};
		74511A8E190A5D2900A78522 /* Credits.rtf */ = {
			isa = PBXVariantGroup;
			children = (
				74511A8F190A5D2900A78522 /* en */,
			);
			name = Credits.rtf;
			sourceTree = "<group>";
		};
		74B538091925195E00C38121 /* MainMenu.xib */ = {
			isa = PBXVariantGroup;
			children = (
				74B5380A1925195E00C38121 /* Base */,
			);
			name = MainMenu.xib;
			sourceTree = "<group>";
		};
/* End PBXVariantGroup section */

/* Begin XCBuildConfiguration section */
		74511AAB190A5D2900A78522 /* Debug */ = {
			isa = XCBuildConfiguration;
			buildSettings = {
				ALWAYS_SEARCH_USER_PATHS = NO;
				CLANG_CXX_LANGUAGE_STANDARD = "gnu++0x";
				CLANG_CXX_LIBRARY = "libc++";
				CLANG_ENABLE_MODULES = YES;
				CLANG_ENABLE_OBJC_ARC = YES;
				CLANG_WARN_BOOL_CONVERSION = YES;
				CLANG_WARN_CONSTANT_CONVERSION = YES;
				CLANG_WARN_DIRECT_OBJC_ISA_USAGE = YES_ERROR;
				CLANG_WARN_EMPTY_BODY = YES;
				CLANG_WARN_ENUM_CONVERSION = YES;
				CLANG_WARN_INT_CONVERSION = YES;
				CLANG_WARN_OBJC_ROOT_CLASS = YES_ERROR;
				CLANG_WARN__DUPLICATE_METHOD_MATCH = YES;
				COPY_PHASE_STRIP = NO;
				ENABLE_TESTABILITY = YES;
				GCC_C_LANGUAGE_STANDARD = gnu99;
				GCC_DYNAMIC_NO_PIC = NO;
				GCC_ENABLE_OBJC_EXCEPTIONS = YES;
				GCC_OPTIMIZATION_LEVEL = 0;
				GCC_PREPROCESSOR_DEFINITIONS = (
					"DEBUG=1",
					"$(inherited)",
				);
				GCC_SYMBOLS_PRIVATE_EXTERN = NO;
				GCC_WARN_64_TO_32_BIT_CONVERSION = YES;
				GCC_WARN_ABOUT_RETURN_TYPE = YES_ERROR;
				GCC_WARN_CHECK_SWITCH_STATEMENTS = NO;
				GCC_WARN_MISSING_PARENTHESES = NO;
				GCC_WARN_UNDECLARED_SELECTOR = YES;
				GCC_WARN_UNINITIALIZED_AUTOS = YES_AGGRESSIVE;
				GCC_WARN_UNUSED_FUNCTION = YES;
				GCC_WARN_UNUSED_VARIABLE = YES;
				MACOSX_DEPLOYMENT_TARGET = 10.9;
				ONLY_ACTIVE_ARCH = YES;
				SDKROOT = macosx;
			};
			name = Debug;
		};
		74511AAC190A5D2900A78522 /* Release */ = {
			isa = XCBuildConfiguration;
			buildSettings = {
				ALWAYS_SEARCH_USER_PATHS = NO;
				CLANG_CXX_LANGUAGE_STANDARD = "gnu++0x";
				CLANG_CXX_LIBRARY = "libc++";
				CLANG_ENABLE_MODULES = YES;
				CLANG_ENABLE_OBJC_ARC = YES;
				CLANG_WARN_BOOL_CONVERSION = YES;
				CLANG_WARN_CONSTANT_CONVERSION = YES;
				CLANG_WARN_DIRECT_OBJC_ISA_USAGE = YES_ERROR;
				CLANG_WARN_EMPTY_BODY = YES;
				CLANG_WARN_ENUM_CONVERSION = YES;
				CLANG_WARN_INT_CONVERSION = YES;
				CLANG_WARN_OBJC_ROOT_CLASS = YES_ERROR;
				CLANG_WARN__DUPLICATE_METHOD_MATCH = YES;
				COPY_PHASE_STRIP = YES;
				DEBUG_INFORMATION_FORMAT = "dwarf-with-dsym";
				ENABLE_NS_ASSERTIONS = NO;
				GCC_C_LANGUAGE_STANDARD = gnu99;
				GCC_ENABLE_OBJC_EXCEPTIONS = YES;
				GCC_WARN_64_TO_32_BIT_CONVERSION = YES;
				GCC_WARN_ABOUT_RETURN_TYPE = YES_ERROR;
				GCC_WARN_CHECK_SWITCH_STATEMENTS = NO;
				GCC_WARN_MISSING_PARENTHESES = NO;
				GCC_WARN_UNDECLARED_SELECTOR = YES;
				GCC_WARN_UNINITIALIZED_AUTOS = YES_AGGRESSIVE;
				GCC_WARN_UNUSED_FUNCTION = YES;
				GCC_WARN_UNUSED_VARIABLE = YES;
				MACOSX_DEPLOYMENT_TARGET = 10.9;
				SDKROOT = macosx;
			};
			name = Release;
		};
		74511AAE190A5D2900A78522 /* Debug */ = {
			isa = XCBuildConfiguration;
			baseConfigurationReference = AEB147E41CC29E4C00B4A099 /* Debug(dynamic).xcconfig */;
			buildSettings = {
				CODE_SIGN_ENTITLEMENTS = "HelloOBP-Mac/HelloOBP-Mac.entitlements";
				CODE_SIGN_IDENTITY = "-";
				COMBINE_HIDPI_IMAGES = YES;
				GCC_PRECOMPILE_PREFIX_HEADER = YES;
				GCC_PREFIX_HEADER = "HelloOBP-Mac/Main/HelloOBP-Mac-Prefix.pch";
				INFOPLIST_FILE = "HelloOBP-Mac/Main/HelloOBP-Mac-Info.plist";
				LD_RUNPATH_SEARCH_PATHS = "$(inherited) @executable_path/../Frameworks";
				PRODUCT_BUNDLE_IDENTIFIER = "com.tesobe.${PRODUCT_NAME:rfc1034identifier}";
				PRODUCT_NAME = "$(TARGET_NAME)";
				WRAPPER_EXTENSION = app;
			};
			name = Debug;
		};
		74511AAF190A5D2900A78522 /* Release */ = {
			isa = XCBuildConfiguration;
			baseConfigurationReference = AEB147E41CC29E4C00B4A099 /* Debug(dynamic).xcconfig */;
			buildSettings = {
				CODE_SIGN_ENTITLEMENTS = "HelloOBP-Mac/HelloOBP-Mac.entitlements";
				CODE_SIGN_IDENTITY = "-";
				COMBINE_HIDPI_IMAGES = YES;
				GCC_PRECOMPILE_PREFIX_HEADER = YES;
				GCC_PREFIX_HEADER = "HelloOBP-Mac/Main/HelloOBP-Mac-Prefix.pch";
				INFOPLIST_FILE = "HelloOBP-Mac/Main/HelloOBP-Mac-Info.plist";
				LD_RUNPATH_SEARCH_PATHS = "$(inherited) @executable_path/../Frameworks";
				PRODUCT_BUNDLE_IDENTIFIER = "com.tesobe.${PRODUCT_NAME:rfc1034identifier}";
				PRODUCT_NAME = "$(TARGET_NAME)";
				WRAPPER_EXTENSION = app;
			};
			name = Release;
		};
/* End XCBuildConfiguration section */

/* Begin XCConfigurationList section */
		74511A77190A5D2900A78522 /* Build configuration list for PBXProject "HelloOBP-Mac" */ = {
			isa = XCConfigurationList;
			buildConfigurations = (
				74511AAB190A5D2900A78522 /* Debug */,
				74511AAC190A5D2900A78522 /* Release */,
			);
			defaultConfigurationIsVisible = 0;
			defaultConfigurationName = Release;
		};
		74511AAD190A5D2900A78522 /* Build configuration list for PBXNativeTarget "HelloOBP-Mac" */ = {
			isa = XCConfigurationList;
			buildConfigurations = (
				74511AAE190A5D2900A78522 /* Debug */,
				74511AAF190A5D2900A78522 /* Release */,
			);
			defaultConfigurationIsVisible = 0;
			defaultConfigurationName = Release;
		};
/* End XCConfigurationList section */
	};
	rootObject = 74511A74190A5D2900A78522 /* Project object */;
}
