// !$*UTF8*$!
{
	archiveVersion = 1;
	classes = {
	};
	objectVersion = 46;
	objects = {

/* Begin PBXBuildFile section */
		74511A80190A5D2900A78522 /* Cocoa.framework in Frameworks */ = {isa = PBXBuildFile; fileRef = 74511A7F190A5D2900A78522 /* Cocoa.framework */; };
		74511A8A190A5D2900A78522 /* InfoPlist.strings in Resources */ = {isa = PBXBuildFile; fileRef = 74511A88190A5D2900A78522 /* InfoPlist.strings */; };
		74511A8C190A5D2900A78522 /* main.m in Sources */ = {isa = PBXBuildFile; fileRef = 74511A8B190A5D2900A78522 /* main.m */; };
		74511A90190A5D2900A78522 /* Credits.rtf in Resources */ = {isa = PBXBuildFile; fileRef = 74511A8E190A5D2900A78522 /* Credits.rtf */; };
		74511A98190A5D2900A78522 /* Images.xcassets in Resources */ = {isa = PBXBuildFile; fileRef = 74511A97190A5D2900A78522 /* Images.xcassets */; };
		74511AC3190A5F8400A78522 /* logo-obp.JPG in Resources */ = {isa = PBXBuildFile; fileRef = 74511AB6190A5F8400A78522 /* logo-obp.JPG */; };
		7479DFBA199BBA2700CA3282 /* MainMenu.xib in Resources */ = {isa = PBXBuildFile; fileRef = 74B538091925195E00C38121 /* MainMenu.xib */; };
		7479DFBE199BCF5200CA3282 /* MainViewController.m in Sources */ = {isa = PBXBuildFile; fileRef = 7479DFBC199BCF5200CA3282 /* MainViewController.m */; };
		7479DFBF199BCF5200CA3282 /* MainViewController.xib in Resources */ = {isa = PBXBuildFile; fileRef = 7479DFBD199BCF5200CA3282 /* MainViewController.xib */; };
		74B538071925190B00C38121 /* OAuth.m in Sources */ = {isa = PBXBuildFile; fileRef = 74B538041925190B00C38121 /* OAuth.m */; };
		74B5380D192519C000C38121 /* logo-obp only text.jpeg in Resources */ = {isa = PBXBuildFile; fileRef = 74B5380C192519C000C38121 /* logo-obp only text.jpeg */; };
		74B5381A19251A4000C38121 /* LICENSE in Resources */ = {isa = PBXBuildFile; fileRef = 74B5380F19251A4000C38121 /* LICENSE */; };
		74B5381B19251A4000C38121 /* NSData+Base64.m in Sources */ = {isa = PBXBuildFile; fileRef = 74B5381119251A4000C38121 /* NSData+Base64.m */; settings = {COMPILER_FLAGS = "-fno-objc-arc"; }; };
		74B5381C19251A4000C38121 /* OAuth+Additions.m in Sources */ = {isa = PBXBuildFile; fileRef = 74B5381319251A4000C38121 /* OAuth+Additions.m */; settings = {COMPILER_FLAGS = "-fno-objc-arc"; }; };
		74B5381D19251A4000C38121 /* OAuthCore.m in Sources */ = {isa = PBXBuildFile; fileRef = 74B5381519251A4000C38121 /* OAuthCore.m */; settings = {COMPILER_FLAGS = "-fno-objc-arc -w -Xanalyzer -analyzer-disable-checker"; }; };
		74B5381E19251A4000C38121 /* README.md in Resources */ = {isa = PBXBuildFile; fileRef = 74B5381719251A4000C38121 /* README.md */; };
		74B5381F19251A4000C38121 /* STHTTPRequest.m in Sources */ = {isa = PBXBuildFile; fileRef = 74B5381919251A4000C38121 /* STHTTPRequest.m */; };
		74B5382E19251B7200C38121 /* AppDelegate.m in Sources */ = {isa = PBXBuildFile; fileRef = 74B5382C19251B7200C38121 /* AppDelegate.m */; };
		74B5383019251D4800C38121 /* hello-obp-connect-logo.icns in Resources */ = {isa = PBXBuildFile; fileRef = 74B5382F19251D4800C38121 /* hello-obp-connect-logo.icns */; };
/* End PBXBuildFile section */

/* Begin PBXFileReference section */
		74511A7C190A5D2900A78522 /* Hello-OBP-OAuth1.0a-Mac.app */ = {isa = PBXFileReference; explicitFileType = wrapper.application; includeInIndex = 0; path = "Hello-OBP-OAuth1.0a-Mac.app"; sourceTree = BUILT_PRODUCTS_DIR; };
		74511A7F190A5D2900A78522 /* Cocoa.framework */ = {isa = PBXFileReference; lastKnownFileType = wrapper.framework; name = Cocoa.framework; path = System/Library/Frameworks/Cocoa.framework; sourceTree = SDKROOT; };
		74511A82190A5D2900A78522 /* AppKit.framework */ = {isa = PBXFileReference; lastKnownFileType = wrapper.framework; name = AppKit.framework; path = System/Library/Frameworks/AppKit.framework; sourceTree = SDKROOT; };
		74511A83190A5D2900A78522 /* CoreData.framework */ = {isa = PBXFileReference; lastKnownFileType = wrapper.framework; name = CoreData.framework; path = System/Library/Frameworks/CoreData.framework; sourceTree = SDKROOT; };
		74511A84190A5D2900A78522 /* Foundation.framework */ = {isa = PBXFileReference; lastKnownFileType = wrapper.framework; name = Foundation.framework; path = System/Library/Frameworks/Foundation.framework; sourceTree = SDKROOT; };
		74511A87190A5D2900A78522 /* Hello-OBP-OAuth1.0a-Mac-Info.plist */ = {isa = PBXFileReference; lastKnownFileType = text.plist.xml; path = "Hello-OBP-OAuth1.0a-Mac-Info.plist"; sourceTree = "<group>"; };
		74511A89190A5D2900A78522 /* en */ = {isa = PBXFileReference; lastKnownFileType = text.plist.strings; name = en; path = en.lproj/InfoPlist.strings; sourceTree = "<group>"; };
		74511A8B190A5D2900A78522 /* main.m */ = {isa = PBXFileReference; lastKnownFileType = sourcecode.c.objc; path = main.m; sourceTree = "<group>"; };
		74511A8D190A5D2900A78522 /* Hello-OBP-OAuth1.0a-Mac-Prefix.pch */ = {isa = PBXFileReference; lastKnownFileType = sourcecode.c.h; path = "Hello-OBP-OAuth1.0a-Mac-Prefix.pch"; sourceTree = "<group>"; };
		74511A8F190A5D2900A78522 /* en */ = {isa = PBXFileReference; lastKnownFileType = text.rtf; name = en; path = en.lproj/Credits.rtf; sourceTree = "<group>"; };
		74511A97190A5D2900A78522 /* Images.xcassets */ = {isa = PBXFileReference; lastKnownFileType = folder.assetcatalog; path = Images.xcassets; sourceTree = "<group>"; };
		74511AB6190A5F8400A78522 /* logo-obp.JPG */ = {isa = PBXFileReference; lastKnownFileType = image.jpeg; path = "logo-obp.JPG"; sourceTree = "<group>"; };
		74511ACA190A611500A78522 /* OAuth.h */ = {isa = PBXFileReference; fileEncoding = 4; lastKnownFileType = sourcecode.c.h; path = OAuth.h; sourceTree = "<group>"; };
		7479DFBB199BCF5200CA3282 /* MainViewController.h */ = {isa = PBXFileReference; fileEncoding = 4; lastKnownFileType = sourcecode.c.h; path = MainViewController.h; sourceTree = "<group>"; };
		7479DFBC199BCF5200CA3282 /* MainViewController.m */ = {isa = PBXFileReference; fileEncoding = 4; lastKnownFileType = sourcecode.c.objc; path = MainViewController.m; sourceTree = "<group>"; };
		7479DFBD199BCF5200CA3282 /* MainViewController.xib */ = {isa = PBXFileReference; fileEncoding = 4; lastKnownFileType = file.xib; path = MainViewController.xib; sourceTree = "<group>"; };
		74B538041925190B00C38121 /* OAuth.m */ = {isa = PBXFileReference; fileEncoding = 4; lastKnownFileType = sourcecode.c.objc; path = OAuth.m; sourceTree = "<group>"; };
		74B5380A1925195E00C38121 /* Base */ = {isa = PBXFileReference; lastKnownFileType = file.xib; name = Base; path = Base.lproj/MainMenu.xib; sourceTree = "<group>"; };
		74B5380C192519C000C38121 /* logo-obp only text.jpeg */ = {isa = PBXFileReference; lastKnownFileType = image.jpeg; path = "logo-obp only text.jpeg"; sourceTree = "<group>"; };
		74B5380F19251A4000C38121 /* LICENSE */ = {isa = PBXFileReference; fileEncoding = 4; lastKnownFileType = text; path = LICENSE; sourceTree = "<group>"; };
		74B5381019251A4000C38121 /* NSData+Base64.h */ = {isa = PBXFileReference; fileEncoding = 4; lastKnownFileType = sourcecode.c.h; path = "NSData+Base64.h"; sourceTree = "<group>"; };
		74B5381119251A4000C38121 /* NSData+Base64.m */ = {isa = PBXFileReference; fileEncoding = 4; lastKnownFileType = sourcecode.c.objc; path = "NSData+Base64.m"; sourceTree = "<group>"; };
		74B5381219251A4000C38121 /* OAuth+Additions.h */ = {isa = PBXFileReference; fileEncoding = 4; lastKnownFileType = sourcecode.c.h; path = "OAuth+Additions.h"; sourceTree = "<group>"; };
		74B5381319251A4000C38121 /* OAuth+Additions.m */ = {isa = PBXFileReference; fileEncoding = 4; lastKnownFileType = sourcecode.c.objc; path = "OAuth+Additions.m"; sourceTree = "<group>"; };
		74B5381419251A4000C38121 /* OAuthCore.h */ = {isa = PBXFileReference; fileEncoding = 4; lastKnownFileType = sourcecode.c.h; path = OAuthCore.h; sourceTree = "<group>"; };
		74B5381519251A4000C38121 /* OAuthCore.m */ = {isa = PBXFileReference; fileEncoding = 4; lastKnownFileType = sourcecode.c.objc; path = OAuthCore.m; sourceTree = "<group>"; };
		74B5381719251A4000C38121 /* README.md */ = {isa = PBXFileReference; fileEncoding = 4; lastKnownFileType = text; path = README.md; sourceTree = "<group>"; };
		74B5381819251A4000C38121 /* STHTTPRequest.h */ = {isa = PBXFileReference; fileEncoding = 4; lastKnownFileType = sourcecode.c.h; path = STHTTPRequest.h; sourceTree = "<group>"; };
		74B5381919251A4000C38121 /* STHTTPRequest.m */ = {isa = PBXFileReference; fileEncoding = 4; lastKnownFileType = sourcecode.c.objc; path = STHTTPRequest.m; sourceTree = "<group>"; };
		74B5382C19251B7200C38121 /* AppDelegate.m */ = {isa = PBXFileReference; fileEncoding = 4; lastKnownFileType = sourcecode.c.objc; path = AppDelegate.m; sourceTree = "<group>"; };
		74B5382D19251B7200C38121 /* AppDelegate.h */ = {isa = PBXFileReference; fileEncoding = 4; lastKnownFileType = sourcecode.c.h; path = AppDelegate.h; sourceTree = "<group>"; };
		74B5382F19251D4800C38121 /* hello-obp-connect-logo.icns */ = {isa = PBXFileReference; lastKnownFileType = image.icns; path = "hello-obp-connect-logo.icns"; sourceTree = "<group>"; };
/* End PBXFileReference section */

/* Begin PBXFrameworksBuildPhase section */
		74511A79190A5D2900A78522 /* Frameworks */ = {
			isa = PBXFrameworksBuildPhase;
			buildActionMask = 2147483647;
			files = (
				74511A80190A5D2900A78522 /* Cocoa.framework in Frameworks */,
			);
			runOnlyForDeploymentPostprocessing = 0;
		};
/* End PBXFrameworksBuildPhase section */

/* Begin PBXGroup section */
		74511A73190A5D2900A78522 = {
			isa = PBXGroup;
			children = (
				74511A85190A5D2900A78522 /* Hello-OBP-OAuth1.0a-Mac */,
				AEC08DC51C574D96002E2AA7 /* OBPKit */,
				74511A7E190A5D2900A78522 /* Frameworks */,
				74511A7D190A5D2900A78522 /* Products */,
			);
			sourceTree = "<group>";
		};
		74511A7D190A5D2900A78522 /* Products */ = {
			isa = PBXGroup;
			children = (
				74511A7C190A5D2900A78522 /* Hello-OBP-OAuth1.0a-Mac.app */,
			);
			name = Products;
			sourceTree = "<group>";
		};
		74511A7E190A5D2900A78522 /* Frameworks */ = {
			isa = PBXGroup;
			children = (
				74511A7F190A5D2900A78522 /* Cocoa.framework */,
				74511A81190A5D2900A78522 /* Other Frameworks */,
			);
			name = Frameworks;
			sourceTree = "<group>";
		};
		74511A81190A5D2900A78522 /* Other Frameworks */ = {
			isa = PBXGroup;
			children = (
				74511A82190A5D2900A78522 /* AppKit.framework */,
				74511A83190A5D2900A78522 /* CoreData.framework */,
				74511A84190A5D2900A78522 /* Foundation.framework */,
			);
			name = "Other Frameworks";
			sourceTree = "<group>";
		};
		74511A85190A5D2900A78522 /* Hello-OBP-OAuth1.0a-Mac */ = {
			isa = PBXGroup;
			children = (
				AEC08DBF1C574D6B002E2AA7 /* Main */,
				AEC08DC11C574D74002E2AA7 /* UI */,
				AEC08DC31C574D7C002E2AA7 /* Res */,
			);
			path = "Hello-OBP-OAuth1.0a-Mac";
			sourceTree = "<group>";
		};
		74B5380E19251A4000C38121 /* OAuthCore */ = {
			isa = PBXGroup;
			children = (
				74B5380F19251A4000C38121 /* LICENSE */,
				74B5381019251A4000C38121 /* NSData+Base64.h */,
				74B5381119251A4000C38121 /* NSData+Base64.m */,
				74B5381219251A4000C38121 /* OAuth+Additions.h */,
				74B5381319251A4000C38121 /* OAuth+Additions.m */,
				74B5381419251A4000C38121 /* OAuthCore.h */,
				74B5381519251A4000C38121 /* OAuthCore.m */,
			);
			path = OAuthCore;
			sourceTree = "<group>";
		};
		74B5381619251A4000C38121 /* STHTTPRequest */ = {
			isa = PBXGroup;
			children = (
				74B5381719251A4000C38121 /* README.md */,
				74B5381819251A4000C38121 /* STHTTPRequest.h */,
				74B5381919251A4000C38121 /* STHTTPRequest.m */,
			);
			path = STHTTPRequest;
			sourceTree = "<group>";
		};
		AEC08DBF1C574D6B002E2AA7 /* Main */ = {
			isa = PBXGroup;
			children = (
				74511A87190A5D2900A78522 /* Hello-OBP-OAuth1.0a-Mac-Info.plist */,
				74511A8D190A5D2900A78522 /* Hello-OBP-OAuth1.0a-Mac-Prefix.pch */,
				74511A8B190A5D2900A78522 /* main.m */,
				74B5382D19251B7200C38121 /* AppDelegate.h */,
				74B5382C19251B7200C38121 /* AppDelegate.m */,
			);
			path = Main;
			sourceTree = "<group>";
		};
		AEC08DC11C574D74002E2AA7 /* UI */ = {
			isa = PBXGroup;
			children = (
				7479DFBB199BCF5200CA3282 /* MainViewController.h */,
				7479DFBC199BCF5200CA3282 /* MainViewController.m */,
				74511ACA190A611500A78522 /* OAuth.h */,
				74B538041925190B00C38121 /* OAuth.m */,
			);
			path = UI;
			sourceTree = "<group>";
		};
		AEC08DC31C574D7C002E2AA7 /* Res */ = {
			isa = PBXGroup;
			children = (
				74511A8E190A5D2900A78522 /* Credits.rtf */,
				74511A88190A5D2900A78522 /* InfoPlist.strings */,
				74511A97190A5D2900A78522 /* Images.xcassets */,
				74B538091925195E00C38121 /* MainMenu.xib */,
				7479DFBD199BCF5200CA3282 /* MainViewController.xib */,
				74B5382F19251D4800C38121 /* hello-obp-connect-logo.icns */,
				74B5380C192519C000C38121 /* logo-obp only text.jpeg */,
				74511AB6190A5F8400A78522 /* logo-obp.JPG */,
			);
			path = Res;
			sourceTree = "<group>";
		};
		AEC08DC51C574D96002E2AA7 /* OBPKit */ = {
			isa = PBXGroup;
			children = (
				AEC08DC61C574D96002E2AA7 /* Connection */,
				AEC08DCD1C574D96002E2AA7 /* Util */,
				AEC08DC81C574D96002E2AA7 /* External */,
			);
			path = OBPKit;
			sourceTree = "<group>";
		};
		AEC08DC61C574D96002E2AA7 /* Connection */ = {
			isa = PBXGroup;
			children = (
			);
			path = Connection;
			sourceTree = "<group>";
		};
		AEC08DC81C574D96002E2AA7 /* External */ = {
			isa = PBXGroup;
			children = (
				74B5380E19251A4000C38121 /* OAuthCore */,
				74B5381619251A4000C38121 /* STHTTPRequest */,
			);
			path = External;
			sourceTree = "<group>";
		};
		AEC08DCD1C574D96002E2AA7 /* Util */ = {
			isa = PBXGroup;
			children = (
			);
			path = Util;
			sourceTree = "<group>";
		};
/* End PBXGroup section */

/* Begin PBXNativeTarget section */
		74511A7B190A5D2900A78522 /* Hello-OBP-OAuth1.0a-Mac */ = {
			isa = PBXNativeTarget;
			buildConfigurationList = 74511AAD190A5D2900A78522 /* Build configuration list for PBXNativeTarget "Hello-OBP-OAuth1.0a-Mac" */;
			buildPhases = (
				74511A78190A5D2900A78522 /* Sources */,
				74511A79190A5D2900A78522 /* Frameworks */,
				74511A7A190A5D2900A78522 /* Resources */,
			);
			buildRules = (
			);
			dependencies = (
			);
			name = "Hello-OBP-OAuth1.0a-Mac";
			productName = "Hello-OBP-OAuth1.0a-Mac";
			productReference = 74511A7C190A5D2900A78522 /* Hello-OBP-OAuth1.0a-Mac.app */;
			productType = "com.apple.product-type.application";
		};
/* End PBXNativeTarget section */

/* Begin PBXProject section */
		74511A74190A5D2900A78522 /* Project object */ = {
			isa = PBXProject;
			attributes = {
				LastUpgradeCheck = 0510;
				ORGANIZATIONNAME = TESOBE;
			};
			buildConfigurationList = 74511A77190A5D2900A78522 /* Build configuration list for PBXProject "Hello-OBP-OAuth1.0a-Mac" */;
			compatibilityVersion = "Xcode 3.2";
			developmentRegion = English;
			hasScannedForEncodings = 0;
			knownRegions = (
				en,
				Base,
			);
			mainGroup = 74511A73190A5D2900A78522;
			productRefGroup = 74511A7D190A5D2900A78522 /* Products */;
			projectDirPath = "";
			projectRoot = "";
			targets = (
				74511A7B190A5D2900A78522 /* Hello-OBP-OAuth1.0a-Mac */,
			);
		};
/* End PBXProject section */

/* Begin PBXResourcesBuildPhase section */
		74511A7A190A5D2900A78522 /* Resources */ = {
			isa = PBXResourcesBuildPhase;
			buildActionMask = 2147483647;
			files = (
				7479DFBA199BBA2700CA3282 /* MainMenu.xib in Resources */,
				74B5380D192519C000C38121 /* logo-obp only text.jpeg in Resources */,
				74511A8A190A5D2900A78522 /* InfoPlist.strings in Resources */,
				74511A98190A5D2900A78522 /* Images.xcassets in Resources */,
				74B5381A19251A4000C38121 /* LICENSE in Resources */,
				74B5383019251D4800C38121 /* hello-obp-connect-logo.icns in Resources */,
				74511A90190A5D2900A78522 /* Credits.rtf in Resources */,
				7479DFBF199BCF5200CA3282 /* MainViewController.xib in Resources */,
				74511AC3190A5F8400A78522 /* logo-obp.JPG in Resources */,
				74B5381E19251A4000C38121 /* README.md in Resources */,
			);
			runOnlyForDeploymentPostprocessing = 0;
		};
/* End PBXResourcesBuildPhase section */

/* Begin PBXSourcesBuildPhase section */
		74511A78190A5D2900A78522 /* Sources */ = {
			isa = PBXSourcesBuildPhase;
			buildActionMask = 2147483647;
			files = (
				74B5381D19251A4000C38121 /* OAuthCore.m in Sources */,
				74B538071925190B00C38121 /* OAuth.m in Sources */,
				74B5381F19251A4000C38121 /* STHTTPRequest.m in Sources */,
				7479DFBE199BCF5200CA3282 /* MainViewController.m in Sources */,
				74B5381B19251A4000C38121 /* NSData+Base64.m in Sources */,
				74B5381C19251A4000C38121 /* OAuth+Additions.m in Sources */,
				74511A8C190A5D2900A78522 /* main.m in Sources */,
				74B5382E19251B7200C38121 /* AppDelegate.m in Sources */,
			);
			runOnlyForDeploymentPostprocessing = 0;
		};
/* End PBXSourcesBuildPhase section */

/* Begin PBXVariantGroup section */
		74511A88190A5D2900A78522 /* InfoPlist.strings */ = {
			isa = PBXVariantGroup;
			children = (
				74511A89190A5D2900A78522 /* en */,
			);
			name = InfoPlist.strings;
			sourceTree = "<group>";
		};
		74511A8E190A5D2900A78522 /* Credits.rtf */ = {
			isa = PBXVariantGroup;
			children = (
				74511A8F190A5D2900A78522 /* en */,
			);
			name = Credits.rtf;
			sourceTree = "<group>";
		};
		74B538091925195E00C38121 /* MainMenu.xib */ = {
			isa = PBXVariantGroup;
			children = (
				74B5380A1925195E00C38121 /* Base */,
			);
			name = MainMenu.xib;
			sourceTree = "<group>";
		};
/* End PBXVariantGroup section */

/* Begin XCBuildConfiguration section */
		74511AAB190A5D2900A78522 /* Debug */ = {
			isa = XCBuildConfiguration;
			buildSettings = {
				ALWAYS_SEARCH_USER_PATHS = NO;
				CLANG_CXX_LANGUAGE_STANDARD = "gnu++0x";
				CLANG_CXX_LIBRARY = "libc++";
				CLANG_ENABLE_MODULES = YES;
				CLANG_ENABLE_OBJC_ARC = YES;
				CLANG_WARN_BOOL_CONVERSION = YES;
				CLANG_WARN_CONSTANT_CONVERSION = YES;
				CLANG_WARN_DIRECT_OBJC_ISA_USAGE = YES_ERROR;
				CLANG_WARN_EMPTY_BODY = YES;
				CLANG_WARN_ENUM_CONVERSION = YES;
				CLANG_WARN_INT_CONVERSION = YES;
				CLANG_WARN_OBJC_ROOT_CLASS = YES_ERROR;
				CLANG_WARN__DUPLICATE_METHOD_MATCH = YES;
				COPY_PHASE_STRIP = NO;
				GCC_C_LANGUAGE_STANDARD = gnu99;
				GCC_DYNAMIC_NO_PIC = NO;
				GCC_ENABLE_OBJC_EXCEPTIONS = YES;
				GCC_OPTIMIZATION_LEVEL = 0;
				GCC_PREPROCESSOR_DEFINITIONS = (
					"DEBUG=1",
					"$(inherited)",
				);
				GCC_SYMBOLS_PRIVATE_EXTERN = NO;
				GCC_WARN_64_TO_32_BIT_CONVERSION = YES;
				GCC_WARN_ABOUT_RETURN_TYPE = YES_ERROR;
				GCC_WARN_UNDECLARED_SELECTOR = YES;
				GCC_WARN_UNINITIALIZED_AUTOS = YES_AGGRESSIVE;
				GCC_WARN_UNUSED_FUNCTION = YES;
				GCC_WARN_UNUSED_VARIABLE = YES;
				MACOSX_DEPLOYMENT_TARGET = 10.9;
				ONLY_ACTIVE_ARCH = YES;
				SDKROOT = macosx;
			};
			name = Debug;
		};
		74511AAC190A5D2900A78522 /* Release */ = {
			isa = XCBuildConfiguration;
			buildSettings = {
				ALWAYS_SEARCH_USER_PATHS = NO;
				CLANG_CXX_LANGUAGE_STANDARD = "gnu++0x";
				CLANG_CXX_LIBRARY = "libc++";
				CLANG_ENABLE_MODULES = YES;
				CLANG_ENABLE_OBJC_ARC = YES;
				CLANG_WARN_BOOL_CONVERSION = YES;
				CLANG_WARN_CONSTANT_CONVERSION = YES;
				CLANG_WARN_DIRECT_OBJC_ISA_USAGE = YES_ERROR;
				CLANG_WARN_EMPTY_BODY = YES;
				CLANG_WARN_ENUM_CONVERSION = YES;
				CLANG_WARN_INT_CONVERSION = YES;
				CLANG_WARN_OBJC_ROOT_CLASS = YES_ERROR;
				CLANG_WARN__DUPLICATE_METHOD_MATCH = YES;
				COPY_PHASE_STRIP = YES;
				DEBUG_INFORMATION_FORMAT = "dwarf-with-dsym";
				ENABLE_NS_ASSERTIONS = NO;
				GCC_C_LANGUAGE_STANDARD = gnu99;
				GCC_ENABLE_OBJC_EXCEPTIONS = YES;
				GCC_WARN_64_TO_32_BIT_CONVERSION = YES;
				GCC_WARN_ABOUT_RETURN_TYPE = YES_ERROR;
				GCC_WARN_UNDECLARED_SELECTOR = YES;
				GCC_WARN_UNINITIALIZED_AUTOS = YES_AGGRESSIVE;
				GCC_WARN_UNUSED_FUNCTION = YES;
				GCC_WARN_UNUSED_VARIABLE = YES;
				MACOSX_DEPLOYMENT_TARGET = 10.9;
				SDKROOT = macosx;
			};
			name = Release;
		};
		74511AAE190A5D2900A78522 /* Debug */ = {
			isa = XCBuildConfiguration;
			buildSettings = {
				COMBINE_HIDPI_IMAGES = YES;
				GCC_PRECOMPILE_PREFIX_HEADER = YES;
				GCC_PREFIX_HEADER = "Hello-OBP-OAuth1.0a-Mac/Main/Hello-OBP-OAuth1.0a-Mac-Prefix.pch";
				INFOPLIST_FILE = "Hello-OBP-OAuth1.0a-Mac/Main/Hello-OBP-OAuth1.0a-Mac-Info.plist";
				PRODUCT_NAME = "$(TARGET_NAME)";
				WRAPPER_EXTENSION = app;
			};
			name = Debug;
		};
		74511AAF190A5D2900A78522 /* Release */ = {
			isa = XCBuildConfiguration;
			buildSettings = {
				COMBINE_HIDPI_IMAGES = YES;
				GCC_PRECOMPILE_PREFIX_HEADER = YES;
				GCC_PREFIX_HEADER = "Hello-OBP-OAuth1.0a-Mac/Main/Hello-OBP-OAuth1.0a-Mac-Prefix.pch";
				INFOPLIST_FILE = "Hello-OBP-OAuth1.0a-Mac/Main/Hello-OBP-OAuth1.0a-Mac-Info.plist";
				PRODUCT_NAME = "$(TARGET_NAME)";
				WRAPPER_EXTENSION = app;
			};
			name = Release;
		};
/* End XCBuildConfiguration section */

/* Begin XCConfigurationList section */
		74511A77190A5D2900A78522 /* Build configuration list for PBXProject "Hello-OBP-OAuth1.0a-Mac" */ = {
			isa = XCConfigurationList;
			buildConfigurations = (
				74511AAB190A5D2900A78522 /* Debug */,
				74511AAC190A5D2900A78522 /* Release */,
			);
			defaultConfigurationIsVisible = 0;
			defaultConfigurationName = Release;
		};
		74511AAD190A5D2900A78522 /* Build configuration list for PBXNativeTarget "Hello-OBP-OAuth1.0a-Mac" */ = {
			isa = XCConfigurationList;
			buildConfigurations = (
				74511AAE190A5D2900A78522 /* Debug */,
				74511AAF190A5D2900A78522 /* Release */,
			);
			defaultConfigurationIsVisible = 0;
			defaultConfigurationName = Release;
		};
/* End XCConfigurationList section */
	};
	rootObject = 74511A74190A5D2900A78522 /* Project object */;
}
